
Microsoft Visual Studio Solution File, Format Version 12.00
# Visual Studio Version 17
VisualStudioVersion = 17.8.34330.188
MinimumVisualStudioVersion = 10.0.40219.1
Project("{9A19103F-16F7-4668-BE54-9A1E7A4F7556}") = "Sadie.Server", "Sadie.Server\Sadie.Server.csproj", "{C1876B7B-B71D-41EE-A812-FF518D36D004}"
EndProject
Project("{9A19103F-16F7-4668-BE54-9A1E7A4F7556}") = "Sadie.Networking", "Sadie.Networking\Sadie.Networking.csproj", "{62284185-265A-467C-AF4B-5D416D3446B0}"
EndProject
Project("{9A19103F-16F7-4668-BE54-9A1E7A4F7556}") = "Sadie.Game.Players", "Sadie.Game.Players\Sadie.Game.Players.csproj", "{D3C7859C-E142-4157-915A-25DAB8125C20}"
EndProject
Project("{9A19103F-16F7-4668-BE54-9A1E7A4F7556}") = "Sadie.Game.Rooms", "Sadie.Game.Rooms\Sadie.Game.Rooms.csproj", "{3F23B92D-DAFA-4CF9-A793-0378E8D2DDD9}"
EndProject
Project("{9A19103F-16F7-4668-BE54-9A1E7A4F7556}") = "Sadie.Networking.Writers", "Sadie.Networking.Writers\Sadie.Networking.Writers.csproj", "{77B3B583-B714-4489-9506-D0C45EAA403B}"
EndProject
Project("{9A19103F-16F7-4668-BE54-9A1E7A4F7556}") = "Sadie.Networking.Events", "Sadie.Networking.Events\Sadie.Networking.Events.csproj", "{F9BA4ED3-4CAB-42DD-AE23-F6261FC358D6}"
EndProject
Project("{9A19103F-16F7-4668-BE54-9A1E7A4F7556}") = "Sadie.Game.Navigator", "Sadie.Game.Navigator\Sadie.Game.Navigator.csproj", "{A0156BF5-EA41-4AAD-B9E7-99420621F62C}"
EndProject
Project("{9A19103F-16F7-4668-BE54-9A1E7A4F7556}") = "Sadie.Console", "Sadie.Console\Sadie.Console.csproj", "{75350F5E-7D10-45A1-A995-115C2C45AF51}"
EndProject
Project("{9A19103F-16F7-4668-BE54-9A1E7A4F7556}") = "Sadie.Tests", "Sadie.Tests\Sadie.Tests.csproj", "{9280AA15-E4EC-4496-B8B1-7BAD8D770061}"
EndProject
Project("{9A19103F-16F7-4668-BE54-9A1E7A4F7556}") = "Sadie.Game.Catalog", "Sadie.Game.Catalog\Sadie.Game.Catalog.csproj", "{7B791022-B51E-4724-A062-E2802C8D7F52}"
EndProject
Project("{9A19103F-16F7-4668-BE54-9A1E7A4F7556}") = "Sadie.Database.Mappers", "Sadie.Database.Mappers\Sadie.Database.Mappers.csproj", "{5E4537C2-F21E-4125-8638-83D6A8204111}"
EndProject
Project("{9A19103F-16F7-4668-BE54-9A1E7A4F7556}") = "Sadie.Options", "Sadie.Options\Sadie.Options.csproj", "{6508F006-DE36-47D1-A812-F140DE3325A4}"
EndProject
Project("{FAE04EC0-301F-11D3-BF4B-00C04F79EFBC}") = "Sadie.Networking.Serialization", "Sadie.Networking.Serialization\Sadie.Networking.Serialization.csproj", "{9D884E48-D7CF-4654-A828-D32CFE782DED}"
EndProject
Project("{FAE04EC0-301F-11D3-BF4B-00C04F79EFBC}") = "Sadie.Networking.Encryption", "Sadie.Networking.Encryption\Sadie.Networking.Encryption.csproj", "{C2ACAA65-2AA2-4D1B-B5E5-EECD23C998EC}"
EndProject
Project("{FAE04EC0-301F-11D3-BF4B-00C04F79EFBC}") = "Sadie.Plugins.BaseCommands", "Sadie.Plugins.BaseCommands\Sadie.Plugins.BaseCommands.csproj", "{EBAB47EF-BECA-4822-937D-FF04EC113704}"
EndProject
Global
	GlobalSection(SolutionConfigurationPlatforms) = preSolution
		Debug|Any CPU = Debug|Any CPU
		Release|Any CPU = Release|Any CPU
	EndGlobalSection
	GlobalSection(ProjectConfigurationPlatforms) = postSolution
		{C1876B7B-B71D-41EE-A812-FF518D36D004}.Debug|Any CPU.ActiveCfg = Debug|Any CPU
		{C1876B7B-B71D-41EE-A812-FF518D36D004}.Debug|Any CPU.Build.0 = Debug|Any CPU
		{C1876B7B-B71D-41EE-A812-FF518D36D004}.Release|Any CPU.ActiveCfg = Release|Any CPU
		{C1876B7B-B71D-41EE-A812-FF518D36D004}.Release|Any CPU.Build.0 = Release|Any CPU
		{62284185-265A-467C-AF4B-5D416D3446B0}.Debug|Any CPU.ActiveCfg = Debug|Any CPU
		{62284185-265A-467C-AF4B-5D416D3446B0}.Debug|Any CPU.Build.0 = Debug|Any CPU
		{62284185-265A-467C-AF4B-5D416D3446B0}.Release|Any CPU.ActiveCfg = Release|Any CPU
		{62284185-265A-467C-AF4B-5D416D3446B0}.Release|Any CPU.Build.0 = Release|Any CPU
		{D3C7859C-E142-4157-915A-25DAB8125C20}.Debug|Any CPU.ActiveCfg = Debug|Any CPU
		{D3C7859C-E142-4157-915A-25DAB8125C20}.Debug|Any CPU.Build.0 = Debug|Any CPU
		{D3C7859C-E142-4157-915A-25DAB8125C20}.Release|Any CPU.ActiveCfg = Release|Any CPU
		{D3C7859C-E142-4157-915A-25DAB8125C20}.Release|Any CPU.Build.0 = Release|Any CPU
		{3F23B92D-DAFA-4CF9-A793-0378E8D2DDD9}.Debug|Any CPU.ActiveCfg = Debug|Any CPU
		{3F23B92D-DAFA-4CF9-A793-0378E8D2DDD9}.Debug|Any CPU.Build.0 = Debug|Any CPU
		{3F23B92D-DAFA-4CF9-A793-0378E8D2DDD9}.Release|Any CPU.ActiveCfg = Release|Any CPU
		{3F23B92D-DAFA-4CF9-A793-0378E8D2DDD9}.Release|Any CPU.Build.0 = Release|Any CPU
		{77B3B583-B714-4489-9506-D0C45EAA403B}.Debug|Any CPU.ActiveCfg = Debug|Any CPU
		{77B3B583-B714-4489-9506-D0C45EAA403B}.Debug|Any CPU.Build.0 = Debug|Any CPU
		{77B3B583-B714-4489-9506-D0C45EAA403B}.Release|Any CPU.ActiveCfg = Release|Any CPU
		{77B3B583-B714-4489-9506-D0C45EAA403B}.Release|Any CPU.Build.0 = Release|Any CPU
		{F9BA4ED3-4CAB-42DD-AE23-F6261FC358D6}.Debug|Any CPU.ActiveCfg = Debug|Any CPU
		{F9BA4ED3-4CAB-42DD-AE23-F6261FC358D6}.Debug|Any CPU.Build.0 = Debug|Any CPU
		{F9BA4ED3-4CAB-42DD-AE23-F6261FC358D6}.Release|Any CPU.ActiveCfg = Release|Any CPU
		{F9BA4ED3-4CAB-42DD-AE23-F6261FC358D6}.Release|Any CPU.Build.0 = Release|Any CPU
		{A0156BF5-EA41-4AAD-B9E7-99420621F62C}.Debug|Any CPU.ActiveCfg = Debug|Any CPU
		{A0156BF5-EA41-4AAD-B9E7-99420621F62C}.Debug|Any CPU.Build.0 = Debug|Any CPU
		{A0156BF5-EA41-4AAD-B9E7-99420621F62C}.Release|Any CPU.ActiveCfg = Release|Any CPU
		{A0156BF5-EA41-4AAD-B9E7-99420621F62C}.Release|Any CPU.Build.0 = Release|Any CPU
		{75350F5E-7D10-45A1-A995-115C2C45AF51}.Debug|Any CPU.ActiveCfg = Debug|Any CPU
		{75350F5E-7D10-45A1-A995-115C2C45AF51}.Debug|Any CPU.Build.0 = Debug|Any CPU
		{75350F5E-7D10-45A1-A995-115C2C45AF51}.Release|Any CPU.ActiveCfg = Release|Any CPU
		{75350F5E-7D10-45A1-A995-115C2C45AF51}.Release|Any CPU.Build.0 = Release|Any CPU
		{9280AA15-E4EC-4496-B8B1-7BAD8D770061}.Debug|Any CPU.ActiveCfg = Debug|Any CPU
		{9280AA15-E4EC-4496-B8B1-7BAD8D770061}.Debug|Any CPU.Build.0 = Debug|Any CPU
		{9280AA15-E4EC-4496-B8B1-7BAD8D770061}.Release|Any CPU.ActiveCfg = Release|Any CPU
		{9280AA15-E4EC-4496-B8B1-7BAD8D770061}.Release|Any CPU.Build.0 = Release|Any CPU
		{7B791022-B51E-4724-A062-E2802C8D7F52}.Debug|Any CPU.ActiveCfg = Debug|Any CPU
		{7B791022-B51E-4724-A062-E2802C8D7F52}.Debug|Any CPU.Build.0 = Debug|Any CPU
		{7B791022-B51E-4724-A062-E2802C8D7F52}.Release|Any CPU.ActiveCfg = Release|Any CPU
		{7B791022-B51E-4724-A062-E2802C8D7F52}.Release|Any CPU.Build.0 = Release|Any CPU
		{5E4537C2-F21E-4125-8638-83D6A8204111}.Debug|Any CPU.ActiveCfg = Debug|Any CPU
		{5E4537C2-F21E-4125-8638-83D6A8204111}.Debug|Any CPU.Build.0 = Debug|Any CPU
		{5E4537C2-F21E-4125-8638-83D6A8204111}.Release|Any CPU.ActiveCfg = Release|Any CPU
		{5E4537C2-F21E-4125-8638-83D6A8204111}.Release|Any CPU.Build.0 = Release|Any CPU
		{6508F006-DE36-47D1-A812-F140DE3325A4}.Debug|Any CPU.ActiveCfg = Debug|Any CPU
		{6508F006-DE36-47D1-A812-F140DE3325A4}.Debug|Any CPU.Build.0 = Debug|Any CPU
		{6508F006-DE36-47D1-A812-F140DE3325A4}.Release|Any CPU.ActiveCfg = Release|Any CPU
		{6508F006-DE36-47D1-A812-F140DE3325A4}.Release|Any CPU.Build.0 = Release|Any CPU
		{9D884E48-D7CF-4654-A828-D32CFE782DED}.Debug|Any CPU.ActiveCfg = Debug|Any CPU
		{9D884E48-D7CF-4654-A828-D32CFE782DED}.Debug|Any CPU.Build.0 = Debug|Any CPU
		{9D884E48-D7CF-4654-A828-D32CFE782DED}.Release|Any CPU.ActiveCfg = Release|Any CPU
		{9D884E48-D7CF-4654-A828-D32CFE782DED}.Release|Any CPU.Build.0 = Release|Any CPU
		{C2ACAA65-2AA2-4D1B-B5E5-EECD23C998EC}.Debug|Any CPU.ActiveCfg = Debug|Any CPU
		{C2ACAA65-2AA2-4D1B-B5E5-EECD23C998EC}.Debug|Any CPU.Build.0 = Debug|Any CPU
		{C2ACAA65-2AA2-4D1B-B5E5-EECD23C998EC}.Release|Any CPU.ActiveCfg = Release|Any CPU
		{C2ACAA65-2AA2-4D1B-B5E5-EECD23C998EC}.Release|Any CPU.Build.0 = Release|Any CPU
		{EBAB47EF-BECA-4822-937D-FF04EC113704}.Debug|Any CPU.ActiveCfg = Debug|Any CPU
		{EBAB47EF-BECA-4822-937D-FF04EC113704}.Debug|Any CPU.Build.0 = Debug|Any CPU
		{EBAB47EF-BECA-4822-937D-FF04EC113704}.Release|Any CPU.ActiveCfg = Release|Any CPU
		{EBAB47EF-BECA-4822-937D-FF04EC113704}.Release|Any CPU.Build.0 = Release|Any CPU
	EndGlobalSection
	GlobalSection(SolutionProperties) = preSolution
		HideSolutionNode = FALSE
	EndGlobalSection
	GlobalSection(ExtensibilityGlobals) = postSolution
		SolutionGuid = {94FA3379-7384-475E-8306-CBD6FF9E81B6}
	EndGlobalSection
EndGlobal
